{"filter":false,"title":"Gemfile.lock","tooltip":"/meshiterro/Gemfile.lock","undoManager":{"mark":-1,"position":-1,"stack":[]},"ace":{"folds":[],"scrolltop":3286,"scrollleft":0,"selection":{"start":{"row":0,"column":0},"end":{"row":0,"column":0},"isBackwards":false},"options":{"guessTabSize":true,"useWrapMode":false,"wrapToView":true},"firstLineState":{"row":233,"state":"start","mode":"ace/mode/text"}},"timestamp":1692278577638,"hash":"3f529e840786578e90de522dc6e9336a907be5ab"}